// !$*UTF8*$!
{
	archiveVersion = 1;
	classes = {
	};
	objectVersion = 46;
	objects = {

/* Begin PBXBuildFile section */
		A6ACAE051DDA56CB0089601E /* AppDelegate.swift in Sources */ = {isa = PBXBuildFile; fileRef = A6ACAE041DDA56CB0089601E /* AppDelegate.swift */; };
		A6ACAE071DDA56CB0089601E /* ViewController.swift in Sources */ = {isa = PBXBuildFile; fileRef = A6ACAE061DDA56CB0089601E /* ViewController.swift */; };
		A6ACAE0A1DDA56CB0089601E /* Main.storyboard in Resources */ = {isa = PBXBuildFile; fileRef = A6ACAE081DDA56CB0089601E /* Main.storyboard */; };
		A6ACAE0C1DDA56CB0089601E /* Assets.xcassets in Resources */ = {isa = PBXBuildFile; fileRef = A6ACAE0B1DDA56CB0089601E /* Assets.xcassets */; };
		A6ACAE0F1DDA56CB0089601E /* LaunchScreen.storyboard in Resources */ = {isa = PBXBuildFile; fileRef = A6ACAE0D1DDA56CB0089601E /* LaunchScreen.storyboard */; };
		A6ACAE1A1DDA56CB0089601E /* InteractiveStoryTests.swift in Sources */ = {isa = PBXBuildFile; fileRef = A6ACAE191DDA56CB0089601E /* InteractiveStoryTests.swift */; };
		A6ACAE251DDA56CB0089601E /* InteractiveStoryUITests.swift in Sources */ = {isa = PBXBuildFile; fileRef = A6ACAE241DDA56CB0089601E /* InteractiveStoryUITests.swift */; };
		A6B6870B1DDA5F1B009FB53C /* InteractiveStory.swift in Sources */ = {isa = PBXBuildFile; fileRef = A6B6870A1DDA5F1B009FB53C /* InteractiveStory.swift */; };
/* End PBXBuildFile section */

/* Begin PBXContainerItemProxy section */
		A6ACAE161DDA56CB0089601E /* PBXContainerItemProxy */ = {
			isa = PBXContainerItemProxy;
			containerPortal = A6ACADF91DDA56CB0089601E /* Project object */;
			proxyType = 1;
			remoteGlobalIDString = A6ACAE001DDA56CB0089601E;
			remoteInfo = InteractiveStory;
		};
		A6ACAE211DDA56CB0089601E /* PBXContainerItemProxy */ = {
			isa = PBXContainerItemProxy;
			containerPortal = A6ACADF91DDA56CB0089601E /* Project object */;
			proxyType = 1;
			remoteGlobalIDString = A6ACAE001DDA56CB0089601E;
			remoteInfo = InteractiveStory;
		};
/* End PBXContainerItemProxy section */

/* Begin PBXFileReference section */
		A6ACAE011DDA56CB0089601E /* InteractiveStory.app */ = {isa = PBXFileReference; explicitFileType = wrapper.application; includeInIndex = 0; path = InteractiveStory.app; sourceTree = BUILT_PRODUCTS_DIR; };
		A6ACAE041DDA56CB0089601E /* AppDelegate.swift */ = {isa = PBXFileReference; lastKnownFileType = sourcecode.swift; path = AppDelegate.swift; sourceTree = "<group>"; };
		A6ACAE061DDA56CB0089601E /* ViewController.swift */ = {isa = PBXFileReference; lastKnownFileType = sourcecode.swift; path = ViewController.swift; sourceTree = "<group>"; };
		A6ACAE091DDA56CB0089601E /* Base */ = {isa = PBXFileReference; lastKnownFileType = file.storyboard; name = Base; path = Base.lproj/Main.storyboard; sourceTree = "<group>"; };
		A6ACAE0B1DDA56CB0089601E /* Assets.xcassets */ = {isa = PBXFileReference; lastKnownFileType = folder.assetcatalog; path = Assets.xcassets; sourceTree = "<group>"; };
		A6ACAE0E1DDA56CB0089601E /* Base */ = {isa = PBXFileReference; lastKnownFileType = file.storyboard; name = Base; path = Base.lproj/LaunchScreen.storyboard; sourceTree = "<group>"; };
		A6ACAE101DDA56CB0089601E /* Info.plist */ = {isa = PBXFileReference; lastKnownFileType = text.plist.xml; path = Info.plist; sourceTree = "<group>"; };
		A6ACAE151DDA56CB0089601E /* InteractiveStoryTests.xctest */ = {isa = PBXFileReference; explicitFileType = wrapper.cfbundle; includeInIndex = 0; path = InteractiveStoryTests.xctest; sourceTree = BUILT_PRODUCTS_DIR; };
		A6ACAE191DDA56CB0089601E /* InteractiveStoryTests.swift */ = {isa = PBXFileReference; lastKnownFileType = sourcecode.swift; path = InteractiveStoryTests.swift; sourceTree = "<group>"; };
		A6ACAE1B1DDA56CB0089601E /* Info.plist */ = {isa = PBXFileReference; lastKnownFileType = text.plist.xml; path = Info.plist; sourceTree = "<group>"; };
		A6ACAE201DDA56CB0089601E /* InteractiveStoryUITests.xctest */ = {isa = PBXFileReference; explicitFileType = wrapper.cfbundle; includeInIndex = 0; path = InteractiveStoryUITests.xctest; sourceTree = BUILT_PRODUCTS_DIR; };
		A6ACAE241DDA56CB0089601E /* InteractiveStoryUITests.swift */ = {isa = PBXFileReference; lastKnownFileType = sourcecode.swift; path = InteractiveStoryUITests.swift; sourceTree = "<group>"; };
		A6ACAE261DDA56CB0089601E /* Info.plist */ = {isa = PBXFileReference; lastKnownFileType = text.plist.xml; path = Info.plist; sourceTree = "<group>"; };
		A6B6870A1DDA5F1B009FB53C /* InteractiveStory.swift */ = {isa = PBXFileReference; fileEncoding = 4; lastKnownFileType = sourcecode.swift; path = InteractiveStory.swift; sourceTree = "<group>"; };
/* End PBXFileReference section */

/* Begin PBXFrameworksBuildPhase section */
		A6ACADFE1DDA56CB0089601E /* Frameworks */ = {
			isa = PBXFrameworksBuildPhase;
			buildActionMask = 2147483647;
			files = (
			);
			runOnlyForDeploymentPostprocessing = 0;
		};
		A6ACAE121DDA56CB0089601E /* Frameworks */ = {
			isa = PBXFrameworksBuildPhase;
			buildActionMask = 2147483647;
			files = (
			);
			runOnlyForDeploymentPostprocessing = 0;
		};
		A6ACAE1D1DDA56CB0089601E /* Frameworks */ = {
			isa = PBXFrameworksBuildPhase;
			buildActionMask = 2147483647;
			files = (
			);
			runOnlyForDeploymentPostprocessing = 0;
		};
/* End PBXFrameworksBuildPhase section */

/* Begin PBXGroup section */
		A6ACADF81DDA56CB0089601E = {
			isa = PBXGroup;
			children = (
				A6ACAE031DDA56CB0089601E /* InteractiveStory */,
				A6ACAE181DDA56CB0089601E /* InteractiveStoryTests */,
				A6ACAE231DDA56CB0089601E /* InteractiveStoryUITests */,
				A6ACAE021DDA56CB0089601E /* Products */,
			);
			sourceTree = "<group>";
		};
		A6ACAE021DDA56CB0089601E /* Products */ = {
			isa = PBXGroup;
			children = (
				A6ACAE011DDA56CB0089601E /* InteractiveStory.app */,
				A6ACAE151DDA56CB0089601E /* InteractiveStoryTests.xctest */,
				A6ACAE201DDA56CB0089601E /* InteractiveStoryUITests.xctest */,
			);
			name = Products;
			sourceTree = "<group>";
		};
		A6ACAE031DDA56CB0089601E /* InteractiveStory */ = {
			isa = PBXGroup;
			children = (
				A6ACAE041DDA56CB0089601E /* AppDelegate.swift */,
				A6ACAE061DDA56CB0089601E /* ViewController.swift */,
				A6ACAE081DDA56CB0089601E /* Main.storyboard */,
				A6ACAE0B1DDA56CB0089601E /* Assets.xcassets */,
				A6ACAE0D1DDA56CB0089601E /* LaunchScreen.storyboard */,
				A6ACAE101DDA56CB0089601E /* Info.plist */,
				A6B6870A1DDA5F1B009FB53C /* InteractiveStory.swift */,
			);
			path = InteractiveStory;
			sourceTree = "<group>";
		};
		A6ACAE181DDA56CB0089601E /* InteractiveStoryTests */ = {
			isa = PBXGroup;
			children = (
				A6ACAE191DDA56CB0089601E /* InteractiveStoryTests.swift */,
				A6ACAE1B1DDA56CB0089601E /* Info.plist */,
			);
			path = InteractiveStoryTests;
			sourceTree = "<group>";
		};
		A6ACAE231DDA56CB0089601E /* InteractiveStoryUITests */ = {
			isa = PBXGroup;
			children = (
				A6ACAE241DDA56CB0089601E /* InteractiveStoryUITests.swift */,
				A6ACAE261DDA56CB0089601E /* Info.plist */,
			);
			path = InteractiveStoryUITests;
			sourceTree = "<group>";
		};
/* End PBXGroup section */

/* Begin PBXNativeTarget section */
		A6ACAE001DDA56CB0089601E /* InteractiveStory */ = {
			isa = PBXNativeTarget;
			buildConfigurationList = A6ACAE291DDA56CB0089601E /* Build configuration list for PBXNativeTarget "InteractiveStory" */;
			buildPhases = (
				A6ACADFD1DDA56CB0089601E /* Sources */,
				A6ACADFE1DDA56CB0089601E /* Frameworks */,
				A6ACADFF1DDA56CB0089601E /* Resources */,
			);
			buildRules = (
			);
			dependencies = (
			);
			name = InteractiveStory;
			productName = InteractiveStory;
			productReference = A6ACAE011DDA56CB0089601E /* InteractiveStory.app */;
			productType = "com.apple.product-type.application";
		};
		A6ACAE141DDA56CB0089601E /* InteractiveStoryTests */ = {
			isa = PBXNativeTarget;
			buildConfigurationList = A6ACAE2C1DDA56CB0089601E /* Build configuration list for PBXNativeTarget "InteractiveStoryTests" */;
			buildPhases = (
				A6ACAE111DDA56CB0089601E /* Sources */,
				A6ACAE121DDA56CB0089601E /* Frameworks */,
				A6ACAE131DDA56CB0089601E /* Resources */,
			);
			buildRules = (
			);
			dependencies = (
				A6ACAE171DDA56CB0089601E /* PBXTargetDependency */,
			);
			name = InteractiveStoryTests;
			productName = InteractiveStoryTests;
			productReference = A6ACAE151DDA56CB0089601E /* InteractiveStoryTests.xctest */;
			productType = "com.apple.product-type.bundle.unit-test";
		};
		A6ACAE1F1DDA56CB0089601E /* InteractiveStoryUITests */ = {
			isa = PBXNativeTarget;
			buildConfigurationList = A6ACAE2F1DDA56CB0089601E /* Build configuration list for PBXNativeTarget "InteractiveStoryUITests" */;
			buildPhases = (
				A6ACAE1C1DDA56CB0089601E /* Sources */,
				A6ACAE1D1DDA56CB0089601E /* Frameworks */,
				A6ACAE1E1DDA56CB0089601E /* Resources */,
			);
			buildRules = (
			);
			dependencies = (
				A6ACAE221DDA56CB0089601E /* PBXTargetDependency */,
			);
			name = InteractiveStoryUITests;
			productName = InteractiveStoryUITests;
			productReference = A6ACAE201DDA56CB0089601E /* InteractiveStoryUITests.xctest */;
			productType = "com.apple.product-type.bundle.ui-testing";
		};
/* End PBXNativeTarget section */

/* Begin PBXProject section */
		A6ACADF91DDA56CB0089601E /* Project object */ = {
			isa = PBXProject;
			attributes = {
				LastSwiftUpdateCheck = 0810;
				LastUpgradeCheck = 0810;
				ORGANIZATIONNAME = zzheads;
				TargetAttributes = {
					A6ACAE001DDA56CB0089601E = {
						CreatedOnToolsVersion = 8.1;
						DevelopmentTeam = RS93W547X8;
						ProvisioningStyle = Automatic;
					};
					A6ACAE141DDA56CB0089601E = {
						CreatedOnToolsVersion = 8.1;
						DevelopmentTeam = RS93W547X8;
						ProvisioningStyle = Automatic;
						TestTargetID = A6ACAE001DDA56CB0089601E;
					};
					A6ACAE1F1DDA56CB0089601E = {
						CreatedOnToolsVersion = 8.1;
						DevelopmentTeam = RS93W547X8;
						ProvisioningStyle = Automatic;
						TestTargetID = A6ACAE001DDA56CB0089601E;
					};
				};
			};
			buildConfigurationList = A6ACADFC1DDA56CB0089601E /* Build configuration list for PBXProject "InteractiveStory" */;
			compatibilityVersion = "Xcode 3.2";
			developmentRegion = English;
			hasScannedForEncodings = 0;
			knownRegions = (
				en,
				Base,
			);
			mainGroup = A6ACADF81DDA56CB0089601E;
			productRefGroup = A6ACAE021DDA56CB0089601E /* Products */;
			projectDirPath = "";
			projectRoot = "";
			targets = (
				A6ACAE001DDA56CB0089601E /* InteractiveStory */,
				A6ACAE141DDA56CB0089601E /* InteractiveStoryTests */,
				A6ACAE1F1DDA56CB0089601E /* InteractiveStoryUITests */,
			);
		};
/* End PBXProject section */

/* Begin PBXResourcesBuildPhase section */
		A6ACADFF1DDA56CB0089601E /* Resources */ = {
			isa = PBXResourcesBuildPhase;
			buildActionMask = 2147483647;
			files = (
				A6ACAE0F1DDA56CB0089601E /* LaunchScreen.storyboard in Resources */,
				A6ACAE0C1DDA56CB0089601E /* Assets.xcassets in Resources */,
				A6ACAE0A1DDA56CB0089601E /* Main.storyboard in Resources */,
			);
			runOnlyForDeploymentPostprocessing = 0;
		};
		A6ACAE131DDA56CB0089601E /* Resources */ = {
			isa = PBXResourcesBuildPhase;
			buildActionMask = 2147483647;
			files = (
			);
			runOnlyForDeploymentPostprocessing = 0;
		};
		A6ACAE1E1DDA56CB0089601E /* Resources */ = {
			isa = PBXResourcesBuildPhase;
			buildActionMask = 2147483647;
			files = (
			);
			runOnlyForDeploymentPostprocessing = 0;
		};
/* End PBXResourcesBuildPhase section */

/* Begin PBXSourcesBuildPhase section */
		A6ACADFD1DDA56CB0089601E /* Sources */ = {
			isa = PBXSourcesBuildPhase;
			buildActionMask = 2147483647;
			files = (
				A6B6870B1DDA5F1B009FB53C /* InteractiveStory.swift in Sources */,
				A6ACAE071DDA56CB0089601E /* ViewController.swift in Sources */,
				A6ACAE051DDA56CB0089601E /* AppDelegate.swift in Sources */,
			);
			runOnlyForDeploymentPostprocessing = 0;
		};
		A6ACAE111DDA56CB0089601E /* Sources */ = {
			isa = PBXSourcesBuildPhase;
			buildActionMask = 2147483647;
			files = (
				A6ACAE1A1DDA56CB0089601E /* InteractiveStoryTests.swift in Sources */,
			);
			runOnlyForDeploymentPostprocessing = 0;
		};
		A6ACAE1C1DDA56CB0089601E /* Sources */ = {
			isa = PBXSourcesBuildPhase;
			buildActionMask = 2147483647;
			files = (
				A6ACAE251DDA56CB0089601E /* InteractiveStoryUITests.swift in Sources */,
			);
			runOnlyForDeploymentPostprocessing = 0;
		};
/* End PBXSourcesBuildPhase section */

/* Begin PBXTargetDependency section */
		A6ACAE171DDA56CB0089601E /* PBXTargetDependency */ = {
			isa = PBXTargetDependency;
			target = A6ACAE001DDA56CB0089601E /* InteractiveStory */;
			targetProxy = A6ACAE161DDA56CB0089601E /* PBXContainerItemProxy */;
		};
		A6ACAE221DDA56CB0089601E /* PBXTargetDependency */ = {
			isa = PBXTargetDependency;
			target = A6ACAE001DDA56CB0089601E /* InteractiveStory */;
			targetProxy = A6ACAE211DDA56CB0089601E /* PBXContainerItemProxy */;
		};
/* End PBXTargetDependency section */

/* Begin PBXVariantGroup section */
		A6ACAE081DDA56CB0089601E /* Main.storyboard */ = {
			isa = PBXVariantGroup;
			children = (
				A6ACAE091DDA56CB0089601E /* Base */,
			);
			name = Main.storyboard;
			sourceTree = "<group>";
		};
		A6ACAE0D1DDA56CB0089601E /* LaunchScreen.storyboard */ = {
			isa = PBXVariantGroup;
			children = (
				A6ACAE0E1DDA56CB0089601E /* Base */,
			);
			name = LaunchScreen.storyboard;
			sourceTree = "<group>";
		};
/* End PBXVariantGroup section */

/* Begin XCBuildConfiguration section */
		A6ACAE271DDA56CB0089601E /* Debug */ = {
			isa = XCBuildConfiguration;
			buildSettings = {
				ALWAYS_SEARCH_USER_PATHS = NO;
				CLANG_ANALYZER_NONNULL = YES;
				CLANG_CXX_LANGUAGE_STANDARD = "gnu++0x";
				CLANG_CXX_LIBRARY = "libc++";
				CLANG_ENABLE_MODULES = YES;
				CLANG_ENABLE_OBJC_ARC = YES;
				CLANG_WARN_BOOL_CONVERSION = YES;
				CLANG_WARN_CONSTANT_CONVERSION = YES;
				CLANG_WARN_DIRECT_OBJC_ISA_USAGE = YES_ERROR;
				CLANG_WARN_DOCUMENTATION_COMMENTS = YES;
				CLANG_WARN_EMPTY_BODY = YES;
				CLANG_WARN_ENUM_CONVERSION = YES;
				CLANG_WARN_INFINITE_RECURSION = YES;
				CLANG_WARN_INT_CONVERSION = YES;
				CLANG_WARN_OBJC_ROOT_CLASS = YES_ERROR;
				CLANG_WARN_SUSPICIOUS_MOVES = YES;
				CLANG_WARN_UNREACHABLE_CODE = YES;
				CLANG_WARN__DUPLICATE_METHOD_MATCH = YES;
				"CODE_SIGN_IDENTITY[sdk=iphoneos*]" = "iPhone Developer";
				COPY_PHASE_STRIP = NO;
				DEBUG_INFORMATION_FORMAT = dwarf;
				ENABLE_STRICT_OBJC_MSGSEND = YES;
				ENABLE_TESTABILITY = YES;
				GCC_C_LANGUAGE_STANDARD = gnu99;
				GCC_DYNAMIC_NO_PIC = NO;
				GCC_NO_COMMON_BLOCKS = YES;
				GCC_OPTIMIZATION_LEVEL = 0;
				GCC_PREPROCESSOR_DEFINITIONS = (
					"DEBUG=1",
					"$(inherited)",
				);
				GCC_WARN_64_TO_32_BIT_CONVERSION = YES;
				GCC_WARN_ABOUT_RETURN_TYPE = YES_ERROR;
				GCC_WARN_UNDECLARED_SELECTOR = YES;
				GCC_WARN_UNINITIALIZED_AUTOS = YES_AGGRESSIVE;
				GCC_WARN_UNUSED_FUNCTION = YES;
				GCC_WARN_UNUSED_VARIABLE = YES;
				IPHONEOS_DEPLOYMENT_TARGET = 10.1;
				MTL_ENABLE_DEBUG_INFO = YES;
				ONLY_ACTIVE_ARCH = YES;
				SDKROOT = iphoneos;
				SWIFT_ACTIVE_COMPILATION_CONDITIONS = DEBUG;
				SWIFT_OPTIMIZATION_LEVEL = "-Onone";
			};
			name = Debug;
		};
		A6ACAE281DDA56CB0089601E /* Release */ = {
			isa = XCBuildConfiguration;
			buildSettings = {
				ALWAYS_SEARCH_USER_PATHS = NO;
				CLANG_ANALYZER_NONNULL = YES;
				CLANG_CXX_LANGUAGE_STANDARD = "gnu++0x";
				CLANG_CXX_LIBRARY = "libc++";
				CLANG_ENABLE_MODULES = YES;
				CLANG_ENABLE_OBJC_ARC = YES;
				CLANG_WARN_BOOL_CONVERSION = YES;
				CLANG_WARN_CONSTANT_CONVERSION = YES;
				CLANG_WARN_DIRECT_OBJC_ISA_USAGE = YES_ERROR;
				CLANG_WARN_DOCUMENTATION_COMMENTS = YES;
				CLANG_WARN_EMPTY_BODY = YES;
				CLANG_WARN_ENUM_CONVERSION = YES;
				CLANG_WARN_INFINITE_RECURSION = YES;
				CLANG_WARN_INT_CONVERSION = YES;
				CLANG_WARN_OBJC_ROOT_CLASS = YES_ERROR;
				CLANG_WARN_SUSPICIOUS_MOVES = YES;
				CLANG_WARN_UNREACHABLE_CODE = YES;
				CLANG_WARN__DUPLICATE_METHOD_MATCH = YES;
				"CODE_SIGN_IDENTITY[sdk=iphoneos*]" = "iPhone Developer";
				COPY_PHASE_STRIP = NO;
				DEBUG_INFORMATION_FORMAT = "dwarf-with-dsym";
				ENABLE_NS_ASSERTIONS = NO;
				ENABLE_STRICT_OBJC_MSGSEND = YES;
				GCC_C_LANGUAGE_STANDARD = gnu99;
				GCC_NO_COMMON_BLOCKS = YES;
				GCC_WARN_64_TO_32_BIT_CONVERSION = YES;
				GCC_WARN_ABOUT_RETURN_TYPE = YES_ERROR;
				GCC_WARN_UNDECLARED_SELECTOR = YES;
				GCC_WARN_UNINITIALIZED_AUTOS = YES_AGGRESSIVE;
				GCC_WARN_UNUSED_FUNCTION = YES;
				GCC_WARN_UNUSED_VARIABLE = YES;
				IPHONEOS_DEPLOYMENT_TARGET = 10.1;
				MTL_ENABLE_DEBUG_INFO = NO;
				SDKROOT = iphoneos;
				SWIFT_OPTIMIZATION_LEVEL = "-Owholemodule";
				VALIDATE_PRODUCT = YES;
			};
			name = Release;
		};
		A6ACAE2A1DDA56CB0089601E /* Debug */ = {
			isa = XCBuildConfiguration;
			buildSettings = {
				ASSETCATALOG_COMPILER_APPICON_NAME = AppIcon;
				DEVELOPMENT_TEAM = RS93W547X8;
				INFOPLIST_FILE = InteractiveStory/Info.plist;
				LD_RUNPATH_SEARCH_PATHS = "$(inherited) @executable_path/Frameworks";
				PRODUCT_BUNDLE_IDENTIFIER = com.zzheads.InteractiveStory;
				PRODUCT_NAME = "$(TARGET_NAME)";
				SWIFT_VERSION = 3.0;
			};
			name = Debug;
		};
		A6ACAE2B1DDA56CB0089601E /* Release */ = {
			isa = XCBuildConfiguration;
			buildSettings = {
				ASSETCATALOG_COMPILER_APPICON_NAME = AppIcon;
				DEVELOPMENT_TEAM = RS93W547X8;
				INFOPLIST_FILE = InteractiveStory/Info.plist;
				LD_RUNPATH_SEARCH_PATHS = "$(inherited) @executable_path/Frameworks";
				PRODUCT_BUNDLE_IDENTIFIER = com.zzheads.InteractiveStory;
				PRODUCT_NAME = "$(TARGET_NAME)";
				SWIFT_VERSION = 3.0;
			};
			name = Release;
		};
		A6ACAE2D1DDA56CB0089601E /* Debug */ = {
			isa = XCBuildConfiguration;
			buildSettings = {
				ALWAYS_EMBED_SWIFT_STANDARD_LIBRARIES = YES;
				BUNDLE_LOADER = "$(TEST_HOST)";
				DEVELOPMENT_TEAM = RS93W547X8;
				INFOPLIST_FILE = InteractiveStoryTests/Info.plist;
				LD_RUNPATH_SEARCH_PATHS = "$(inherited) @executable_path/Frameworks @loader_path/Frameworks";
				PRODUCT_BUNDLE_IDENTIFIER = com.zzheads.InteractiveStoryTests;
				PRODUCT_NAME = "$(TARGET_NAME)";
				SWIFT_VERSION = 3.0;
				TEST_HOST = "$(BUILT_PRODUCTS_DIR)/InteractiveStory.app/InteractiveStory";
			};
			name = Debug;
		};
		A6ACAE2E1DDA56CB0089601E /* Release */ = {
			isa = XCBuildConfiguration;
			buildSettings = {
				ALWAYS_EMBED_SWIFT_STANDARD_LIBRARIES = YES;
				BUNDLE_LOADER = "$(TEST_HOST)";
				DEVELOPMENT_TEAM = RS93W547X8;
				INFOPLIST_FILE = InteractiveStoryTests/Info.plist;
				LD_RUNPATH_SEARCH_PATHS = "$(inherited) @executable_path/Frameworks @loader_path/Frameworks";
				PRODUCT_BUNDLE_IDENTIFIER = com.zzheads.InteractiveStoryTests;
				PRODUCT_NAME = "$(TARGET_NAME)";
				SWIFT_VERSION = 3.0;
				TEST_HOST = "$(BUILT_PRODUCTS_DIR)/InteractiveStory.app/InteractiveStory";
			};
			name = Release;
		};
		A6ACAE301DDA56CB0089601E /* Debug */ = {
			isa = XCBuildConfiguration;
			buildSettings = {
				ALWAYS_EMBED_SWIFT_STANDARD_LIBRARIES = YES;
				DEVELOPMENT_TEAM = RS93W547X8;
				INFOPLIST_FILE = InteractiveStoryUITests/Info.plist;
				LD_RUNPATH_SEARCH_PATHS = "$(inherited) @executable_path/Frameworks @loader_path/Frameworks";
				PRODUCT_BUNDLE_IDENTIFIER = com.zzheads.InteractiveStoryUITests;
				PRODUCT_NAME = "$(TARGET_NAME)";
				SWIFT_VERSION = 3.0;
				TEST_TARGET_NAME = InteractiveStory;
			};
			name = Debug;
		};
		A6ACAE311DDA56CB0089601E /* Release */ = {
			isa = XCBuildConfiguration;
			buildSettings = {
				ALWAYS_EMBED_SWIFT_STANDARD_LIBRARIES = YES;
				DEVELOPMENT_TEAM = RS93W547X8;
				INFOPLIST_FILE = InteractiveStoryUITests/Info.plist;
				LD_RUNPATH_SEARCH_PATHS = "$(inherited) @executable_path/Frameworks @loader_path/Frameworks";
				PRODUCT_BUNDLE_IDENTIFIER = com.zzheads.InteractiveStoryUITests;
				PRODUCT_NAME = "$(TARGET_NAME)";
				SWIFT_VERSION = 3.0;
				TEST_TARGET_NAME = InteractiveStory;
			};
			name = Release;
		};
/* End XCBuildConfiguration section */

/* Begin XCConfigurationList section */
		A6ACADFC1DDA56CB0089601E /* Build configuration list for PBXProject "InteractiveStory" */ = {
			isa = XCConfigurationList;
			buildConfigurations = (
				A6ACAE271DDA56CB0089601E /* Debug */,
				A6ACAE281DDA56CB0089601E /* Release */,
			);
			defaultConfigurationIsVisible = 0;
			defaultConfigurationName = Release;
		};
		A6ACAE291DDA56CB0089601E /* Build configuration list for PBXNativeTarget "InteractiveStory" */ = {
			isa = XCConfigurationList;
			buildConfigurations = (
				A6ACAE2A1DDA56CB0089601E /* Debug */,
				A6ACAE2B1DDA56CB0089601E /* Release */,
			);
			defaultConfigurationIsVisible = 0;
			defaultConfigurationName = Release;
		};
		A6ACAE2C1DDA56CB0089601E /* Build configuration list for PBXNativeTarget "InteractiveStoryTests" */ = {
			isa = XCConfigurationList;
			buildConfigurations = (
				A6ACAE2D1DDA56CB0089601E /* Debug */,
				A6ACAE2E1DDA56CB0089601E /* Release */,
			);
			defaultConfigurationIsVisible = 0;
			defaultConfigurationName = Release;
		};
		A6ACAE2F1DDA56CB0089601E /* Build configuration list for PBXNativeTarget "InteractiveStoryUITests" */ = {
			isa = XCConfigurationList;
			buildConfigurations = (
				A6ACAE301DDA56CB0089601E /* Debug */,
				A6ACAE311DDA56CB0089601E /* Release */,
			);
			defaultConfigurationIsVisible = 0;
			defaultConfigurationName = Release;
		};
/* End XCConfigurationList section */
	};
	rootObject = A6ACADF91DDA56CB0089601E /* Project object */;
}
